
Microsoft Visual Studio Solution File, Format Version 12.00
# Visual Studio Version 17
VisualStudioVersion = 17.11.35303.130
MinimumVisualStudioVersion = 10.0.40219.1
Project("{FAE04EC0-301F-11D3-BF4B-00C04F79EFBC}") = "HackerRankProblems3", "HackerRankProblems3\HackerRankProblems3.csproj", "{9C8E34D6-228A-46C6-A53E-8CEE0510A533}"
EndProject
Global
	GlobalSection(SolutionConfigurationPlatforms) = preSolution
		Debug|Any CPU = Debug|Any CPU
		Release|Any CPU = Release|Any CPU
	EndGlobalSection
	GlobalSection(ProjectConfigurationPlatforms) = postSolution
		{9C8E34D6-228A-46C6-A53E-8CEE0510A533}.Debug|Any CPU.ActiveCfg = Debug|Any CPU
		{9C8E34D6-228A-46C6-A53E-8CEE0510A533}.Debug|Any CPU.Build.0 = Debug|Any CPU
		{9C8E34D6-228A-46C6-A53E-8CEE0510A533}.Release|Any CPU.ActiveCfg = Release|Any CPU
		{9C8E34D6-228A-46C6-A53E-8CEE0510A533}.Release|Any CPU.Build.0 = Release|Any CPU
	EndGlobalSection
	GlobalSection(SolutionProperties) = preSolution
		HideSolutionNode = FALSE
	EndGlobalSection
	GlobalSection(ExtensibilityGlobals) = postSolution
		SolutionGuid = {922D86CB-F157-4B42-A9BC-A9DCC8D7EB1D}
	EndGlobalSection
EndGlobal
